
Microsoft Visual Studio Solution File, Format Version 12.00
# Visual Studio Version 16
VisualStudioVersion = 16.0.30309.148
MinimumVisualStudioVersion = 10.0.40219.1
Project("{FAE04EC0-301F-11D3-BF4B-00C04F79EFBC}") = "BoilerPlateWeb", "BoilerPlateWeb.csproj", "{932A4EB8-2C93-480B-B788-003D78D16C88}"
EndProject
Global
	GlobalSection(SolutionConfigurationPlatforms) = preSolution
		Debug|Any CPU = Debug|Any CPU
		Release|Any CPU = Release|Any CPU
	EndGlobalSection
	GlobalSection(ProjectConfigurationPlatforms) = postSolution
		{932A4EB8-2C93-480B-B788-003D78D16C88}.Debug|Any CPU.ActiveCfg = Debug|Any CPU
		{932A4EB8-2C93-480B-B788-003D78D16C88}.Debug|Any CPU.Build.0 = Debug|Any CPU
		{932A4EB8-2C93-480B-B788-003D78D16C88}.Release|Any CPU.ActiveCfg = Release|Any CPU
		{932A4EB8-2C93-480B-B788-003D78D16C88}.Release|Any CPU.Build.0 = Release|Any CPU
	EndGlobalSection
	GlobalSection(SolutionProperties) = preSolution
		HideSolutionNode = FALSE
	EndGlobalSection
	GlobalSection(ExtensibilityGlobals) = postSolution
		SolutionGuid = {E3BD4AF0-BE8A-4009-8717-160A3FF2D208}
	EndGlobalSection
EndGlobal
